
Microsoft Visual Studio Solution File, Format Version 12.00
# Visual Studio 2012
Project("{FAE04EC0-301F-11D3-BF4B-00C04F79EFBC}") = "ISIProject", "ISIProject\ISIProject.csproj", "{C1D695A7-3E1B-4B8A-99A0-E0FD4D92FCD8}"
EndProject
Project("{FAE04EC0-301F-11D3-BF4B-00C04F79EFBC}") = "ISIProject.Tests", "ISIProject.Tests\ISIProject.Tests.csproj", "{9BA478C1-0F56-456A-AE1D-8BCF45B6244A}"
EndProject
Global
	GlobalSection(SolutionConfigurationPlatforms) = preSolution
		Debug|Any CPU = Debug|Any CPU
		Release|Any CPU = Release|Any CPU
	EndGlobalSection
	GlobalSection(ProjectConfigurationPlatforms) = postSolution
		{C1D695A7-3E1B-4B8A-99A0-E0FD4D92FCD8}.Debug|Any CPU.ActiveCfg = Debug|Any CPU
		{C1D695A7-3E1B-4B8A-99A0-E0FD4D92FCD8}.Debug|Any CPU.Build.0 = Debug|Any CPU
		{C1D695A7-3E1B-4B8A-99A0-E0FD4D92FCD8}.Release|Any CPU.ActiveCfg = Release|Any CPU
		{C1D695A7-3E1B-4B8A-99A0-E0FD4D92FCD8}.Release|Any CPU.Build.0 = Release|Any CPU
		{9BA478C1-0F56-456A-AE1D-8BCF45B6244A}.Debug|Any CPU.ActiveCfg = Debug|Any CPU
		{9BA478C1-0F56-456A-AE1D-8BCF45B6244A}.Debug|Any CPU.Build.0 = Debug|Any CPU
		{9BA478C1-0F56-456A-AE1D-8BCF45B6244A}.Release|Any CPU.ActiveCfg = Release|Any CPU
		{9BA478C1-0F56-456A-AE1D-8BCF45B6244A}.Release|Any CPU.Build.0 = Release|Any CPU
	EndGlobalSection
	GlobalSection(SolutionProperties) = preSolution
		HideSolutionNode = FALSE
	EndGlobalSection
EndGlobal
